
Microsoft Visual Studio Solution File, Format Version 12.00
# Visual Studio Version 17
VisualStudioVersion = 17.0.31912.275
MinimumVisualStudioVersion = 10.0.40219.1
Project("{2150E333-8FDC-42A3-9474-1A3956D46DE8}") = "1 - Distributed Services", "1 - Distributed Services", "{67D19607-D19D-4A10-BB70-FC7B3872856D}"
EndProject
Project("{2150E333-8FDC-42A3-9474-1A3956D46DE8}") = "2 - Application", "2 - Application", "{96EA00E5-6EFB-43D2-A1B3-9437E7CD4C00}"
EndProject
Project("{2150E333-8FDC-42A3-9474-1A3956D46DE8}") = "3 - Domain", "3 - Domain", "{5E46CE47-506E-4584-9405-925F6B0D9B32}"
EndProject
Project("{2150E333-8FDC-42A3-9474-1A3956D46DE8}") = "4 - Infrastructure", "4 - Infrastructure", "{A1E5DC12-1882-44BE-8E00-A069DD1E734F}"
EndProject
Project("{2150E333-8FDC-42A3-9474-1A3956D46DE8}") = "4.1 - Data Access", "4.1 - Data Access", "{48CFBC5C-6E8B-44DD-966F-398E2CE8CCE8}"
EndProject
Project("{2150E333-8FDC-42A3-9474-1A3956D46DE8}") = "4.2 - Cross Cuting", "4.2 - Cross Cuting", "{14B4C0FF-EFBF-4D5F-874B-98A7936C9B03}"
EndProject
Project("{9A19103F-16F7-4668-BE54-9A1E7A4F7556}") = "Locacao.Interface", "1 - Distributed Services\Locacao.Interface\Locacao.Interface.csproj", "{4BCD8D7B-C862-4FDC-9C3F-63907409FF26}"
EndProject
Project("{9A19103F-16F7-4668-BE54-9A1E7A4F7556}") = "Locacao.Infrastructure.DataAccess", "4 - Infrastructure\4.1 - Data Access\Locacao.Infrastructure.DataAccess\Locacao.Infrastructure.DataAccess.csproj", "{3ECB9AEE-23B6-4C2C-B844-F8C4AAD3D01D}"
EndProject
Project("{9A19103F-16F7-4668-BE54-9A1E7A4F7556}") = "Locacao.Infrastructure.CrossCuting.IoC", "4 - Infrastructure\4.2 - Cross Cuting\Locacao.Infrastructure.CrossCuting.IoC\Locacao.Infrastructure.CrossCuting.IoC.csproj", "{945E3B1D-3CCD-4072-A485-72F9D240AB62}"
EndProject
Project("{9A19103F-16F7-4668-BE54-9A1E7A4F7556}") = "Locacao.Infrastructure.CrossCuting", "4 - Infrastructure\4.2 - Cross Cuting\Locacao.Infrastructure.CrossCuting\Locacao.Infrastructure.CrossCuting.csproj", "{C767903F-5C71-421D-968B-200536BE172F}"
EndProject
Project("{9A19103F-16F7-4668-BE54-9A1E7A4F7556}") = "Locacao.Domain", "3 - Domain\Locacao.Domain\Locacao.Domain.csproj", "{E67A90EF-C5C9-4236-BC3F-14D104F77F14}"
EndProject
Project("{2150E333-8FDC-42A3-9474-1A3956D46DE8}") = "Solution Items", "Solution Items", "{F23145BA-6A48-4759-BA11-1D5B5C0C999B}"
	ProjectSection(SolutionItems) = preProject
		docker-compose.yaml = docker-compose.yaml
	EndProjectSection
EndProject
Project("{FAE04EC0-301F-11D3-BF4B-00C04F79EFBC}") = "Locacao.Application", "2 - Application\Locacao.Application\Locacao.Application.csproj", "{5FEB2C2B-8273-4285-8016-E1B57D950720}"
EndProject
Global
	GlobalSection(SolutionConfigurationPlatforms) = preSolution
		Debug|Any CPU = Debug|Any CPU
		Release|Any CPU = Release|Any CPU
	EndGlobalSection
	GlobalSection(ProjectConfigurationPlatforms) = postSolution
		{4BCD8D7B-C862-4FDC-9C3F-63907409FF26}.Debug|Any CPU.ActiveCfg = Debug|Any CPU
		{4BCD8D7B-C862-4FDC-9C3F-63907409FF26}.Debug|Any CPU.Build.0 = Debug|Any CPU
		{4BCD8D7B-C862-4FDC-9C3F-63907409FF26}.Release|Any CPU.ActiveCfg = Release|Any CPU
		{4BCD8D7B-C862-4FDC-9C3F-63907409FF26}.Release|Any CPU.Build.0 = Release|Any CPU
		{3ECB9AEE-23B6-4C2C-B844-F8C4AAD3D01D}.Debug|Any CPU.ActiveCfg = Debug|Any CPU
		{3ECB9AEE-23B6-4C2C-B844-F8C4AAD3D01D}.Debug|Any CPU.Build.0 = Debug|Any CPU
		{3ECB9AEE-23B6-4C2C-B844-F8C4AAD3D01D}.Release|Any CPU.ActiveCfg = Release|Any CPU
		{3ECB9AEE-23B6-4C2C-B844-F8C4AAD3D01D}.Release|Any CPU.Build.0 = Release|Any CPU
		{945E3B1D-3CCD-4072-A485-72F9D240AB62}.Debug|Any CPU.ActiveCfg = Debug|Any CPU
		{945E3B1D-3CCD-4072-A485-72F9D240AB62}.Debug|Any CPU.Build.0 = Debug|Any CPU
		{945E3B1D-3CCD-4072-A485-72F9D240AB62}.Release|Any CPU.ActiveCfg = Release|Any CPU
		{945E3B1D-3CCD-4072-A485-72F9D240AB62}.Release|Any CPU.Build.0 = Release|Any CPU
		{C767903F-5C71-421D-968B-200536BE172F}.Debug|Any CPU.ActiveCfg = Debug|Any CPU
		{C767903F-5C71-421D-968B-200536BE172F}.Debug|Any CPU.Build.0 = Debug|Any CPU
		{C767903F-5C71-421D-968B-200536BE172F}.Release|Any CPU.ActiveCfg = Release|Any CPU
		{C767903F-5C71-421D-968B-200536BE172F}.Release|Any CPU.Build.0 = Release|Any CPU
		{E67A90EF-C5C9-4236-BC3F-14D104F77F14}.Debug|Any CPU.ActiveCfg = Debug|Any CPU
		{E67A90EF-C5C9-4236-BC3F-14D104F77F14}.Debug|Any CPU.Build.0 = Debug|Any CPU
		{E67A90EF-C5C9-4236-BC3F-14D104F77F14}.Release|Any CPU.ActiveCfg = Release|Any CPU
		{E67A90EF-C5C9-4236-BC3F-14D104F77F14}.Release|Any CPU.Build.0 = Release|Any CPU
		{5FEB2C2B-8273-4285-8016-E1B57D950720}.Debug|Any CPU.ActiveCfg = Debug|Any CPU
		{5FEB2C2B-8273-4285-8016-E1B57D950720}.Debug|Any CPU.Build.0 = Debug|Any CPU
		{5FEB2C2B-8273-4285-8016-E1B57D950720}.Release|Any CPU.ActiveCfg = Release|Any CPU
		{5FEB2C2B-8273-4285-8016-E1B57D950720}.Release|Any CPU.Build.0 = Release|Any CPU
	EndGlobalSection
	GlobalSection(SolutionProperties) = preSolution
		HideSolutionNode = FALSE
	EndGlobalSection
	GlobalSection(NestedProjects) = preSolution
		{48CFBC5C-6E8B-44DD-966F-398E2CE8CCE8} = {A1E5DC12-1882-44BE-8E00-A069DD1E734F}
		{14B4C0FF-EFBF-4D5F-874B-98A7936C9B03} = {A1E5DC12-1882-44BE-8E00-A069DD1E734F}
		{4BCD8D7B-C862-4FDC-9C3F-63907409FF26} = {67D19607-D19D-4A10-BB70-FC7B3872856D}
		{3ECB9AEE-23B6-4C2C-B844-F8C4AAD3D01D} = {48CFBC5C-6E8B-44DD-966F-398E2CE8CCE8}
		{945E3B1D-3CCD-4072-A485-72F9D240AB62} = {14B4C0FF-EFBF-4D5F-874B-98A7936C9B03}
		{C767903F-5C71-421D-968B-200536BE172F} = {14B4C0FF-EFBF-4D5F-874B-98A7936C9B03}
		{E67A90EF-C5C9-4236-BC3F-14D104F77F14} = {5E46CE47-506E-4584-9405-925F6B0D9B32}
		{5FEB2C2B-8273-4285-8016-E1B57D950720} = {96EA00E5-6EFB-43D2-A1B3-9437E7CD4C00}
	EndGlobalSection
	GlobalSection(ExtensibilityGlobals) = postSolution
		SolutionGuid = {34D45A78-4B21-490F-AFF3-5B55879E726E}
	EndGlobalSection
EndGlobal
